
Microsoft Visual Studio Solution File, Format Version 12.00
# Visual Studio 15
VisualStudioVersion = 15.0.27130.2027
MinimumVisualStudioVersion = 10.0.40219.1
Project("{9A19103F-16F7-4668-BE54-9A1E7A4F7556}") = "BAU.Business", "BAU.Business\BAU.Business.csproj", "{C790234B-EB69-460B-A6C0-F7F1706952AE}"
EndProject
Project("{9A19103F-16F7-4668-BE54-9A1E7A4F7556}") = "BAU.Business.Implementation", "BAU.Business.Implementation\BAU.Business.Implementation.csproj", "{6577E8D1-A787-44E3-96A5-4076A00DBE99}"
EndProject
Project("{9A19103F-16F7-4668-BE54-9A1E7A4F7556}") = "BAU.Data", "BAU.Data\BAU.Data.csproj", "{04ABCF07-BF8B-4D75-B521-CCFF88CFB7EC}"
EndProject
Project("{9A19103F-16F7-4668-BE54-9A1E7A4F7556}") = "BAU.Data.EntityFramework", "BAU.Data.EntityFramework\BAU.Data.EntityFramework.csproj", "{169378B7-8B46-401D-A481-0BDBB864260C}"
EndProject
Project("{9A19103F-16F7-4668-BE54-9A1E7A4F7556}") = "BAU.Web", "BAU.Web\BAU.Web.csproj", "{26BA03AE-7FCD-47AC-A51B-727B976A4AB9}"
EndProject
Global
	GlobalSection(SolutionConfigurationPlatforms) = preSolution
		Debug|Any CPU = Debug|Any CPU
		Release|Any CPU = Release|Any CPU
	EndGlobalSection
	GlobalSection(ProjectConfigurationPlatforms) = postSolution
		{C790234B-EB69-460B-A6C0-F7F1706952AE}.Debug|Any CPU.ActiveCfg = Debug|Any CPU
		{C790234B-EB69-460B-A6C0-F7F1706952AE}.Debug|Any CPU.Build.0 = Debug|Any CPU
		{C790234B-EB69-460B-A6C0-F7F1706952AE}.Release|Any CPU.ActiveCfg = Release|Any CPU
		{C790234B-EB69-460B-A6C0-F7F1706952AE}.Release|Any CPU.Build.0 = Release|Any CPU
		{6577E8D1-A787-44E3-96A5-4076A00DBE99}.Debug|Any CPU.ActiveCfg = Debug|Any CPU
		{6577E8D1-A787-44E3-96A5-4076A00DBE99}.Debug|Any CPU.Build.0 = Debug|Any CPU
		{6577E8D1-A787-44E3-96A5-4076A00DBE99}.Release|Any CPU.ActiveCfg = Release|Any CPU
		{6577E8D1-A787-44E3-96A5-4076A00DBE99}.Release|Any CPU.Build.0 = Release|Any CPU
		{04ABCF07-BF8B-4D75-B521-CCFF88CFB7EC}.Debug|Any CPU.ActiveCfg = Debug|Any CPU
		{04ABCF07-BF8B-4D75-B521-CCFF88CFB7EC}.Debug|Any CPU.Build.0 = Debug|Any CPU
		{04ABCF07-BF8B-4D75-B521-CCFF88CFB7EC}.Release|Any CPU.ActiveCfg = Release|Any CPU
		{04ABCF07-BF8B-4D75-B521-CCFF88CFB7EC}.Release|Any CPU.Build.0 = Release|Any CPU
		{169378B7-8B46-401D-A481-0BDBB864260C}.Debug|Any CPU.ActiveCfg = Debug|Any CPU
		{169378B7-8B46-401D-A481-0BDBB864260C}.Debug|Any CPU.Build.0 = Debug|Any CPU
		{169378B7-8B46-401D-A481-0BDBB864260C}.Release|Any CPU.ActiveCfg = Release|Any CPU
		{169378B7-8B46-401D-A481-0BDBB864260C}.Release|Any CPU.Build.0 = Release|Any CPU
		{26BA03AE-7FCD-47AC-A51B-727B976A4AB9}.Debug|Any CPU.ActiveCfg = Debug|Any CPU
		{26BA03AE-7FCD-47AC-A51B-727B976A4AB9}.Debug|Any CPU.Build.0 = Debug|Any CPU
		{26BA03AE-7FCD-47AC-A51B-727B976A4AB9}.Release|Any CPU.ActiveCfg = Release|Any CPU
		{26BA03AE-7FCD-47AC-A51B-727B976A4AB9}.Release|Any CPU.Build.0 = Release|Any CPU
	EndGlobalSection
	GlobalSection(SolutionProperties) = preSolution
		HideSolutionNode = FALSE
	EndGlobalSection
	GlobalSection(ExtensibilityGlobals) = postSolution
		SolutionGuid = {A329DFB1-39DB-428B-A764-156CB0D1EF15}
	EndGlobalSection
EndGlobal
